
Microsoft Visual Studio Solution File, Format Version 12.00
# Visual Studio Version 17
VisualStudioVersion = 17.5.33530.505
MinimumVisualStudioVersion = 10.0.40219.1
Project("{FAE04EC0-301F-11D3-BF4B-00C04F79EFBC}") = "StatePatternC#", "StatePatternC#\StatePatternC#.csproj", "{26C59960-7CAA-46F2-998A-3024838F1A64}"
EndProject
Global
	GlobalSection(SolutionConfigurationPlatforms) = preSolution
		Debug|Any CPU = Debug|Any CPU
		Release|Any CPU = Release|Any CPU
	EndGlobalSection
	GlobalSection(ProjectConfigurationPlatforms) = postSolution
		{26C59960-7CAA-46F2-998A-3024838F1A64}.Debug|Any CPU.ActiveCfg = Debug|Any CPU
		{26C59960-7CAA-46F2-998A-3024838F1A64}.Debug|Any CPU.Build.0 = Debug|Any CPU
		{26C59960-7CAA-46F2-998A-3024838F1A64}.Release|Any CPU.ActiveCfg = Release|Any CPU
		{26C59960-7CAA-46F2-998A-3024838F1A64}.Release|Any CPU.Build.0 = Release|Any CPU
	EndGlobalSection
	GlobalSection(SolutionProperties) = preSolution
		HideSolutionNode = FALSE
	EndGlobalSection
	GlobalSection(ExtensibilityGlobals) = postSolution
		SolutionGuid = {C6D48E91-0CC7-4B68-827C-E66541219F1A}
	EndGlobalSection
EndGlobal
