
Microsoft Visual Studio Solution File, Format Version 12.00
# Visual Studio Version 17
VisualStudioVersion = 17.2.32602.215
MinimumVisualStudioVersion = 10.0.40219.1
Project("{FAE04EC0-301F-11D3-BF4B-00C04F79EFBC}") = "SimUDuck", "SimUDuck\SimUDuck.csproj", "{37966F44-69DB-4482-AA1D-E108786DDCA4}"
EndProject
Global
	GlobalSection(SolutionConfigurationPlatforms) = preSolution
		Debug|Any CPU = Debug|Any CPU
		Release|Any CPU = Release|Any CPU
	EndGlobalSection
	GlobalSection(ProjectConfigurationPlatforms) = postSolution
		{37966F44-69DB-4482-AA1D-E108786DDCA4}.Debug|Any CPU.ActiveCfg = Debug|Any CPU
		{37966F44-69DB-4482-AA1D-E108786DDCA4}.Debug|Any CPU.Build.0 = Debug|Any CPU
		{37966F44-69DB-4482-AA1D-E108786DDCA4}.Release|Any CPU.ActiveCfg = Release|Any CPU
		{37966F44-69DB-4482-AA1D-E108786DDCA4}.Release|Any CPU.Build.0 = Release|Any CPU
	EndGlobalSection
	GlobalSection(SolutionProperties) = preSolution
		HideSolutionNode = FALSE
	EndGlobalSection
	GlobalSection(ExtensibilityGlobals) = postSolution
		SolutionGuid = {D807949E-5B36-43B6-8A1D-E015131D376F}
	EndGlobalSection
EndGlobal
